
Microsoft Visual Studio Solution File, Format Version 12.00
# Visual Studio Version 16
VisualStudioVersion = 16.0.28803.352
MinimumVisualStudioVersion = 10.0.40219.1
Project("{9A19103F-16F7-4668-BE54-9A1E7A4F7556}") = "BF", "BF\BF.csproj", "{9C5040A6-848B-4CCC-B667-68E83DDFE8E8}"
EndProject
Project("{2150E333-8FDC-42A3-9474-1A3956D46DE8}") = "Solution Items", "Solution Items", "{BFFF4212-C0C0-400A-9BBC-35AD35DEBCAA}"
	ProjectSection(SolutionItems) = preProject
		.editorconfig = .editorconfig
	EndProjectSection
EndProject
Global
	GlobalSection(SolutionConfigurationPlatforms) = preSolution
		Debug|Any CPU = Debug|Any CPU
		Release|Any CPU = Release|Any CPU
	EndGlobalSection
	GlobalSection(ProjectConfigurationPlatforms) = postSolution
		{9C5040A6-848B-4CCC-B667-68E83DDFE8E8}.Debug|Any CPU.ActiveCfg = Debug|Any CPU
		{9C5040A6-848B-4CCC-B667-68E83DDFE8E8}.Debug|Any CPU.Build.0 = Debug|Any CPU
		{9C5040A6-848B-4CCC-B667-68E83DDFE8E8}.Release|Any CPU.ActiveCfg = Release|Any CPU
		{9C5040A6-848B-4CCC-B667-68E83DDFE8E8}.Release|Any CPU.Build.0 = Release|Any CPU
	EndGlobalSection
	GlobalSection(SolutionProperties) = preSolution
		HideSolutionNode = FALSE
	EndGlobalSection
	GlobalSection(ExtensibilityGlobals) = postSolution
		SolutionGuid = {B1BBCB9C-D39F-403B-A3BD-E8EC5183F8DF}
	EndGlobalSection
EndGlobal
